
Microsoft Visual Studio Solution File, Format Version 12.00
# Visual Studio Version 16
VisualStudioVersion = 16.0.30804.86
MinimumVisualStudioVersion = 10.0.40219.1
Project("{FAE04EC0-301F-11D3-BF4B-00C04F79EFBC}") = "Dapr.Framework.WebApp", "Dapr.Framework.WebApp\Dapr.Framework.WebApp.csproj", "{133615A3-6757-4729-AD19-60AEA9E31AED}"
EndProject
Project("{FAE04EC0-301F-11D3-BF4B-00C04F79EFBC}") = "Dapr.DotNetCore.WebApi", "Dapr.DotNetCore.WebApi\Dapr.DotNetCore.WebApi.csproj", "{45763145-A1F9-4710-A236-50B333CC35E6}"
EndProject
Project("{FAE04EC0-301F-11D3-BF4B-00C04F79EFBC}") = "Dapr.DotNetCore.WindowsService", "Dapr.DotNetCore.WindowsService\Dapr.DotNetCore.WindowsService.csproj", "{9FE71A59-EAB7-4A9C-9026-59240B31112B}"
EndProject
Global
	GlobalSection(SolutionConfigurationPlatforms) = preSolution
		Debug|Any CPU = Debug|Any CPU
		Release|Any CPU = Release|Any CPU
	EndGlobalSection
	GlobalSection(ProjectConfigurationPlatforms) = postSolution
		{133615A3-6757-4729-AD19-60AEA9E31AED}.Debug|Any CPU.ActiveCfg = Debug|Any CPU
		{133615A3-6757-4729-AD19-60AEA9E31AED}.Debug|Any CPU.Build.0 = Debug|Any CPU
		{133615A3-6757-4729-AD19-60AEA9E31AED}.Release|Any CPU.ActiveCfg = Release|Any CPU
		{133615A3-6757-4729-AD19-60AEA9E31AED}.Release|Any CPU.Build.0 = Release|Any CPU
		{45763145-A1F9-4710-A236-50B333CC35E6}.Debug|Any CPU.ActiveCfg = Debug|Any CPU
		{45763145-A1F9-4710-A236-50B333CC35E6}.Debug|Any CPU.Build.0 = Debug|Any CPU
		{45763145-A1F9-4710-A236-50B333CC35E6}.Release|Any CPU.ActiveCfg = Release|Any CPU
		{45763145-A1F9-4710-A236-50B333CC35E6}.Release|Any CPU.Build.0 = Release|Any CPU
		{9FE71A59-EAB7-4A9C-9026-59240B31112B}.Debug|Any CPU.ActiveCfg = Debug|Any CPU
		{9FE71A59-EAB7-4A9C-9026-59240B31112B}.Debug|Any CPU.Build.0 = Debug|Any CPU
		{9FE71A59-EAB7-4A9C-9026-59240B31112B}.Release|Any CPU.ActiveCfg = Release|Any CPU
		{9FE71A59-EAB7-4A9C-9026-59240B31112B}.Release|Any CPU.Build.0 = Release|Any CPU
	EndGlobalSection
	GlobalSection(SolutionProperties) = preSolution
		HideSolutionNode = FALSE
	EndGlobalSection
	GlobalSection(ExtensibilityGlobals) = postSolution
		SolutionGuid = {8D00BACB-1461-4D63-AFE2-0427D89BCE28}
	EndGlobalSection
EndGlobal
